{
  "name": "shopppingonline",
  "version": "1.0.0",
  "lockfileVersion": 3,
  "requires": true,
  "packages": {
    "": {
      "name": "shopppingonline",
      "version": "1.0.0"
    }
  },
  "scripts": {
    "affiliate:sync": "node affiliate-router.js",
    "build": "node master-orchestrator.js",
    "crosslink:build": "node cross-link-engine.js",
    "hubs:build": "node auto-hub-generator.js",
    "keywords:batch": "node scripts/run-keyword-batches.js",
    "keywords:run": "node keyword-evolution-engine.js",
    "pages:batch": "node scripts/generate-pages-batched.js",
    "pages:generate": "node generate-seo-pages.js",
    "pipeline:full": "npm run keywords:run && npm run keywords:batch && npm run pages:batch && npm run hubs:build && npm run crosslink:build && npm run affiliate:sync",
    "pipeline:light": "npm run keywords:run && npm run pages:generate",
    "pipeline:safe": "node --max-old-space-size=4096 master-orchestrator.js",
    "safe-build": "node --max-old-space-size=4096 master-orchestrator.js",
    "start": "node master-orchestrator.js"
  }
}
